[[package]]
name = "asgiref"
version = "3.5.2"
description = "ASGI specs, helper code, and adapters"
category = "main"
optional = false
python-versions = ">=3.7"

[package.extras]
tests = ["pytest", "pytest-asyncio", "mypy (>=0.800)"]

[[package]]
name = "async-timeout"
version = "4.0.2"
description = "Timeout context manager for asyncio programs"
category = "main"
optional = false
python-versions = ">=3.6"

[[package]]
name = "autopep8"
version = "1.6.0"
description = "A tool that automatically formats Python code to conform to the PEP 8 style guide"
category = "main"
optional = false
python-versions = "*"

[package.dependencies]
pycodestyle = ">=2.8.0"
toml = "*"

[[package]]
name = "backports.zoneinfo"
version = "0.2.1"
description = "Backport of the standard library zoneinfo module"
category = "main"
optional = false
python-versions = ">=3.6"

[package.extras]
tzdata = ["tzdata"]

[[package]]
name = "black"
version = "22.6.0"
description = "The uncompromising code formatter."
category = "dev"
optional = false
python-versions = ">=3.6.2"

[package.dependencies]
click = ">=8.0.0"
mypy-extensions = ">=0.4.3"
pathspec = ">=0.9.0"
platformdirs = ">=2"
tomli = {version = ">=1.1.0", markers = "python_full_version < \"3.11.0a7\""}
typing-extensions = {version = ">=3.10.0.0", markers = "python_version < \"3.10\""}

[package.extras]
colorama = ["colorama (>=0.4.3)"]
d = ["aiohttp (>=3.7.4)"]
jupyter = ["ipython (>=7.8.0)", "tokenize-rt (>=3.2.0)"]
uvloop = ["uvloop (>=0.15.2)"]

[[package]]
name = "certifi"
version = "2022.6.15"
description = "Python package for providing Mozilla's CA Bundle."
category = "main"
optional = false
python-versions = ">=3.6"

[[package]]
name = "charset-normalizer"
version = "2.1.0"
description = "The Real First Universal Charset Detector. Open, modern and actively maintained alternative to Chardet."
category = "main"
optional = false
python-versions = ">=3.6.0"

[package.extras]
unicode_backport = ["unicodedata2"]

[[package]]
name = "click"
version = "8.1.3"
description = "Composable command line interface toolkit"
category = "main"
optional = false
python-versions = ">=3.7"

[package.dependencies]
colorama = {version = "*", markers = "platform_system == \"Windows\""}

[[package]]
name = "colorama"
version = "0.4.5"
description = "Cross-platform colored terminal text."
category = "main"
optional = false
python-versions = ">=2.7, !=3.0.*, !=3.1.*, !=3.2.*, !=3.3.*, !=3.4.*"

[[package]]
name = "croniter"
version = "1.3.5"
description = "croniter provides iteration for datetime object with cron like format"
category = "main"
optional = false
python-versions = ">=2.6, !=3.0.*, !=3.1.*, !=3.2.*, !=3.3.*"

[package.dependencies]
python-dateutil = "*"

[[package]]
name = "defusedxml"
version = "0.7.1"
description = "XML bomb protection for Python stdlib modules"
category = "main"
optional = false
python-versions = ">=2.7, !=3.0.*, !=3.1.*, !=3.2.*, !=3.3.*, !=3.4.*"

[[package]]
name = "deprecated"
version = "1.2.13"
description = "Python @deprecated decorator to deprecate old python classes, functions or methods."
category = "main"
optional = false
python-versions = ">=2.7, !=3.0.*, !=3.1.*, !=3.2.*, !=3.3.*"

[package.dependencies]
wrapt = ">=1.10,<2"

[package.extras]
dev = ["tox", "bump2version (<1)", "sphinx (<2)", "importlib-metadata (<3)", "importlib-resources (<4)", "configparser (<5)", "sphinxcontrib-websupport (<2)", "zipp (<2)", "PyTest (<5)", "PyTest-Cov (<2.6)", "pytest", "pytest-cov"]

[[package]]
name = "diff-match-patch"
version = "20200713"
description = "Repackaging of Google's Diff Match and Patch libraries. Offers robust algorithms to perform the operations required for synchronizing plain text."
category = "main"
optional = false
python-versions = ">=2.7"

[[package]]
name = "dj-database-url"
version = "0.5.0"
description = "Use Database URLs in your Django Application."
category = "main"
optional = false
python-versions = "*"

[[package]]
name = "django"
version = "4.0.6"
description = "A high-level Python web framework that encourages rapid development and clean, pragmatic design."
category = "main"
optional = false
python-versions = ">=3.8"

[package.dependencies]
asgiref = ">=3.4.1,<4"
"backports.zoneinfo" = {version = "*", markers = "python_version < \"3.9\""}
sqlparse = ">=0.2.2"
tzdata = {version = "*", markers = "sys_platform == \"win32\""}

[package.extras]
argon2 = ["argon2-cffi (>=19.1.0)"]
bcrypt = ["bcrypt"]

[[package]]
name = "django-crispy-forms"
version = "1.14.0"
description = "Best way to have Django DRY forms"
category = "main"
optional = false
python-versions = ">=3.7"

[[package]]
name = "django-environ"
version = "0.9.0"
description = "A package that allows you to utilize 12factor inspired environment variables to configure your Django application."
category = "main"
optional = false
python-versions = ">=3.4,<4"

[package.extras]
develop = ["coverage[toml] (>=5.0a4)", "pytest (>=4.6.11)", "furo (>=2021.8.17b43,<2021.9.0)", "sphinx (>=3.5.0)", "sphinx-notfound-page"]
docs = ["furo (>=2021.8.17b43,<2021.9.0)", "sphinx (>=3.5.0)", "sphinx-notfound-page"]
testing = ["coverage[toml] (>=5.0a4)", "pytest (>=4.6.11)"]

[[package]]
name = "django-extensions"
version = "3.2.0"
description = "Extensions for Django"
category = "main"
optional = false
python-versions = ">=3.6"

[package.dependencies]
Django = ">=3.2"

[[package]]
name = "django-import-export"
version = "2.8.0"
description = "Django application and library for importing and exporting data with included admin integration."
category = "main"
optional = false
python-versions = ">=3.7"

[package.dependencies]
diff-match-patch = "*"
Django = ">=3.2"
tablib = {version = ">=3.0.0", extras = ["html", "ods", "xls", "xlsx", "yaml"]}

[[package]]
name = "django-minify-html"
version = "1.3.0"
description = "Use minify-html, the extremely fast HTML + JS + CSS minifier, with Django."
category = "main"
optional = false
python-versions = ">=3.8"

[package.dependencies]
Django = ">=3.2"
minify-html = "*"

[[package]]
name = "django-rq"
version = "2.5.1"
description = "An app that provides django integration for RQ (Redis Queue)"
category = "main"
optional = false
python-versions = "*"

[package.dependencies]
django = ">=2.0"
redis = ">=3"
rq = ">=1.2"

[package.extras]
sentry = ["raven (>=6.1.0)"]
testing = ["mock (>=2.0.0)"]

[[package]]
name = "djangorestframework"
version = "3.13.1"
description = "Web APIs for Django, made easy."
category = "main"
optional = false
python-versions = ">=3.6"

[package.dependencies]
django = ">=2.2"
pytz = "*"

[[package]]
name = "et-xmlfile"
version = "1.1.0"
description = "An implementation of lxml.xmlfile for the standard library"
category = "main"
optional = false
python-versions = ">=3.6"

[[package]]
name = "flake8"
version = "4.0.1"
description = "the modular source code checker: pep8 pyflakes and co"
category = "dev"
optional = false
python-versions = ">=3.6"

[package.dependencies]
mccabe = ">=0.6.0,<0.7.0"
pycodestyle = ">=2.8.0,<2.9.0"
pyflakes = ">=2.4.0,<2.5.0"

[[package]]
name = "gunicorn"
version = "20.1.0"
description = "WSGI HTTP Server for UNIX"
category = "main"
optional = false
python-versions = ">=3.5"

[package.extras]
eventlet = ["eventlet (>=0.24.1)"]
gevent = ["gevent (>=1.4.0)"]
setproctitle = ["setproctitle"]
tornado = ["tornado (>=0.2)"]

[[package]]
name = "h11"
version = "0.13.0"
description = "A pure-Python, bring-your-own-I/O implementation of HTTP/1.1"
category = "main"
optional = false
python-versions = ">=3.6"

[[package]]
name = "idna"
version = "3.3"
description = "Internationalized Domain Names in Applications (IDNA)"
category = "main"
optional = false
python-versions = ">=3.5"

[[package]]
name = "markuppy"
version = "1.14"
description = "An HTML/XML generator"
category = "main"
optional = false
python-versions = "*"

[[package]]
name = "mccabe"
version = "0.6.1"
description = "McCabe checker, plugin for flake8"
category = "dev"
optional = false
python-versions = "*"

[[package]]
name = "minify-html"
version = "0.9.2"
description = "Extremely fast and smart HTML + JS + CSS minifier"
category = "main"
optional = false
python-versions = "*"

[[package]]
name = "mypy-extensions"
version = "0.4.3"
description = "Experimental type system extensions for programs checked with the mypy typechecker."
category = "dev"
optional = false
python-versions = "*"

[[package]]
name = "odfpy"
version = "1.4.1"
description = "Python API and tools to manipulate OpenDocument files"
category = "main"
optional = false
python-versions = "*"

[package.dependencies]
defusedxml = "*"

[[package]]
name = "openpyxl"
version = "3.0.10"
description = "A Python library to read/write Excel 2010 xlsx/xlsm files"
category = "main"
optional = false
python-versions = ">=3.6"

[package.dependencies]
et-xmlfile = "*"

[[package]]
name = "packaging"
version = "21.3"
description = "Core utilities for Python packages"
category = "main"
optional = false
python-versions = ">=3.6"

[package.dependencies]
pyparsing = ">=2.0.2,<3.0.5 || >3.0.5"

[[package]]
name = "pathspec"
version = "0.9.0"
description = "Utility library for gitignore style pattern matching of file paths."
category = "dev"
optional = false
python-versions = "!=3.0.*,!=3.1.*,!=3.2.*,!=3.3.*,!=3.4.*,>=2.7"

[[package]]
name = "platformdirs"
version = "2.5.2"
description = "A small Python module for determining appropriate platform-specific dirs, e.g. a \"user data dir\"."
category = "dev"
optional = false
python-versions = ">=3.7"

[package.extras]
docs = ["furo (>=2021.7.5b38)", "proselint (>=0.10.2)", "sphinx-autodoc-typehints (>=1.12)", "sphinx (>=4)"]
test = ["appdirs (==1.4.4)", "pytest-cov (>=2.7)", "pytest-mock (>=3.6)", "pytest (>=6)"]

[[package]]
name = "psycopg2-binary"
version = "2.9.3"
description = "psycopg2 - Python-PostgreSQL Database Adapter"
category = "main"
optional = false
python-versions = ">=3.6"

[[package]]
name = "pycodestyle"
version = "2.8.0"
description = "Python style guide checker"
category = "main"
optional = false
python-versions = ">=2.7, !=3.0.*, !=3.1.*, !=3.2.*, !=3.3.*, !=3.4.*"

[[package]]
name = "pyflakes"
version = "2.4.0"
description = "passive checker of Python programs"
category = "dev"
optional = false
python-versions = ">=2.7, !=3.0.*, !=3.1.*, !=3.2.*, !=3.3.*"

[[package]]
name = "pygraphviz"
version = "1.9"
description = "Python interface to Graphviz"
category = "dev"
optional = false
python-versions = ">=3.8"

[[package]]
name = "pyparsing"
version = "3.0.9"
description = "pyparsing module - Classes and methods to define and execute parsing grammars"
category = "main"
optional = false
python-versions = ">=3.6.8"

[package.extras]
diagrams = ["railroad-diagrams", "jinja2"]

[[package]]
name = "python-dateutil"
version = "2.8.2"
description = "Extensions to the standard Python datetime module"
category = "main"
optional = false
python-versions = "!=3.0.*,!=3.1.*,!=3.2.*,>=2.7"

[package.dependencies]
six = ">=1.5"

[[package]]
name = "python-decouple"
version = "3.6"
description = "Strict separation of settings from code."
category = "main"
optional = false
python-versions = "*"

[[package]]
name = "pytz"
version = "2021.3"
description = "World timezone definitions, modern and historical"
category = "main"
optional = false
python-versions = "*"

[[package]]
name = "pyyaml"
version = "6.0"
description = "YAML parser and emitter for Python"
category = "main"
optional = false
python-versions = ">=3.6"

[[package]]
name = "redis"
version = "4.3.4"
description = "Python client for Redis database and key-value store"
category = "main"
optional = false
python-versions = ">=3.6"

[package.dependencies]
async-timeout = ">=4.0.2"
deprecated = ">=1.2.3"
packaging = ">=20.4"

[package.extras]
hiredis = ["hiredis (>=1.0.0)"]
ocsp = ["cryptography (>=36.0.1)", "pyopenssl (==20.0.1)", "requests (>=2.26.0)"]

[[package]]
name = "requests"
version = "2.28.1"
description = "Python HTTP for Humans."
category = "main"
optional = false
python-versions = ">=3.7, <4"

[package.dependencies]
certifi = ">=2017.4.17"
charset-normalizer = ">=2,<3"
idna = ">=2.5,<4"
urllib3 = ">=1.21.1,<1.27"

[package.extras]
socks = ["PySocks (>=1.5.6,!=1.5.7)"]
use_chardet_on_py3 = ["chardet (>=3.0.2,<6)"]

[[package]]
name = "rq"
version = "1.10.1"
description = "RQ is a simple, lightweight, library for creating background jobs, and processing them."
category = "main"
optional = false
python-versions = ">=3.5"

[package.dependencies]
click = ">=5.0.0"
redis = ">=3.5.0"

[[package]]
name = "rq-scheduler"
version = "0.11.0"
description = "Provides job scheduling capabilities to RQ (Redis Queue)"
category = "main"
optional = false
python-versions = "*"

[package.dependencies]
croniter = ">=0.3.9"
python-dateutil = "*"
rq = ">=0.13"

[[package]]
name = "six"
version = "1.16.0"
description = "Python 2 and 3 compatibility utilities"
category = "main"
optional = false
python-versions = ">=2.7, !=3.0.*, !=3.1.*, !=3.2.*"

[[package]]
name = "sqlparse"
version = "0.4.2"
description = "A non-validating SQL parser."
category = "main"
optional = false
python-versions = ">=3.5"

[[package]]
name = "tablib"
version = "3.2.1"
description = "Format agnostic tabular data library (XLS, JSON, YAML, CSV)"
category = "main"
optional = false
python-versions = ">=3.7"

[package.dependencies]
markuppy = {version = "*", optional = true, markers = "extra == \"html\""}
odfpy = {version = "*", optional = true, markers = "extra == \"ods\""}
openpyxl = {version = ">=2.6.0", optional = true, markers = "extra == \"xlsx\""}
pyyaml = {version = "*", optional = true, markers = "extra == \"yaml\""}
xlrd = {version = "*", optional = true, markers = "extra == \"xls\""}
xlwt = {version = "*", optional = true, markers = "extra == \"xls\""}

[package.extras]
all = ["markuppy", "odfpy", "openpyxl (>=2.6.0)", "pandas", "pyyaml", "tabulate", "xlrd", "xlwt"]
cli = ["tabulate"]
html = ["markuppy"]
ods = ["odfpy"]
pandas = ["pandas"]
xls = ["xlrd", "xlwt"]
xlsx = ["openpyxl (>=2.6.0)"]
yaml = ["pyyaml"]

[[package]]
name = "toml"
version = "0.10.2"
description = "Python Library for Tom's Obvious, Minimal Language"
category = "main"
optional = false
python-versions = ">=2.6, !=3.0.*, !=3.1.*, !=3.2.*"

[[package]]
name = "tomli"
version = "2.0.1"
description = "A lil' TOML parser"
category = "dev"
optional = false
python-versions = ">=3.7"

[[package]]
name = "typing-extensions"
version = "4.3.0"
description = "Backported and Experimental Type Hints for Python 3.7+"
category = "dev"
optional = false
python-versions = ">=3.7"

[[package]]
name = "tzdata"
version = "2022.1"
description = "Provider of IANA time zone data"
category = "main"
optional = false
python-versions = ">=2"

[[package]]
name = "unipath"
version = "1.1"
description = "Object-oriented alternative to os/os.path/shutil"
category = "main"
optional = false
python-versions = "*"

[[package]]
name = "urllib3"
version = "1.26.9"
description = "HTTP library with thread-safe connection pooling, file post, and more."
category = "main"
optional = false
python-versions = ">=2.7, !=3.0.*, !=3.1.*, !=3.2.*, !=3.3.*, !=3.4.*, <4"

[package.extras]
brotli = ["brotlicffi (>=0.8.0)", "brotli (>=1.0.9)", "brotlipy (>=0.6.0)"]
secure = ["pyOpenSSL (>=0.14)", "cryptography (>=1.3.4)", "idna (>=2.0.0)", "certifi", "ipaddress"]
socks = ["PySocks (>=1.5.6,!=1.5.7,<2.0)"]

[[package]]
name = "uvicorn"
version = "0.17.6"
description = "The lightning-fast ASGI server."
category = "main"
optional = false
python-versions = ">=3.7"

[package.dependencies]
asgiref = ">=3.4.0"
click = ">=7.0"
h11 = ">=0.8"

[package.extras]
standard = ["websockets (>=10.0)", "httptools (>=0.4.0)", "watchgod (>=0.6)", "python-dotenv (>=0.13)", "PyYAML (>=5.1)", "uvloop (>=0.14.0,!=0.15.0,!=0.15.1)", "colorama (>=0.4)"]

[[package]]
name = "whitenoise"
version = "6.2.0"
description = "Radically simplified static file serving for WSGI applications"
category = "main"
optional = false
python-versions = ">=3.7"

[package.extras]
brotli = ["brotli"]

[[package]]
name = "wrapt"
version = "1.14.1"
description = "Module for decorators, wrappers and monkey patching."
category = "main"
optional = false
python-versions = "!=3.0.*,!=3.1.*,!=3.2.*,!=3.3.*,!=3.4.*,>=2.7"

[[package]]
name = "xlrd"
version = "2.0.1"
description = "Library for developers to extract data from Microsoft Excel (tm) .xls spreadsheet files"
category = "main"
optional = false
python-versions = ">=2.7, !=3.0.*, !=3.1.*, !=3.2.*, !=3.3.*, !=3.4.*, !=3.5.*"

[package.extras]
build = ["wheel", "twine"]
docs = ["sphinx"]
test = ["pytest", "pytest-cov"]

[[package]]
name = "xlwt"
version = "1.3.0"
description = "Library to create spreadsheet files compatible with MS Excel 97/2000/XP/2003 XLS files, on any platform, with Python 2.6, 2.7, 3.3+"
category = "main"
optional = false
python-versions = "*"

[metadata]
lock-version = "1.1"
python-versions = ">=3.8,<4.0.0"
content-hash = "860075f9a005f9a41b42b6423d2b46e80202bd6ea2122cf24b52b304cf9dbecc"

[metadata.files]
asgiref = []
async-timeout = []
autopep8 = []
"backports.zoneinfo" = []
black = []
certifi = []
charset-normalizer = []
click = []
colorama = []
croniter = []
defusedxml = []
deprecated = []
diff-match-patch = []
dj-database-url = []
django = []
django-crispy-forms = []
django-environ = []
django-extensions = []
django-import-export = []
django-minify-html = []
django-rq = []
djangorestframework = []
et-xmlfile = []
flake8 = []
gunicorn = []
h11 = []
idna = []
markuppy = []
mccabe = []
minify-html = []
mypy-extensions = []
odfpy = []
openpyxl = []
packaging = []
pathspec = []
platformdirs = []
psycopg2-binary = []
pycodestyle = []
pyflakes = []
pygraphviz = []
pyparsing = []
python-dateutil = []
python-decouple = []
pytz = []
pyyaml = []
redis = []
requests = []
rq = []
rq-scheduler = []
six = []
sqlparse = []
tablib = []
toml = []
tomli = []
typing-extensions = []
tzdata = []
unipath = []
urllib3 = []
uvicorn = []
whitenoise = []
wrapt = []
xlrd = []
xlwt = []
